
Microsoft Visual Studio Solution File, Format Version 12.00
# Visual Studio Version 16
VisualStudioVersion = 16.0.31410.357
MinimumVisualStudioVersion = 10.0.40219.1
Project("{FAE04EC0-301F-11D3-BF4B-00C04F79EFBC}") = "ISU By DBugSolutions", "ISU By DBugSolutions\ISU By DBugSolutions.csproj", "{274BFB89-1F8E-45E9-93C2-703949E42EB6}"
EndProject
Global
	GlobalSection(SolutionConfigurationPlatforms) = preSolution
		Debug|Any CPU = Debug|Any CPU
		Release|Any CPU = Release|Any CPU
	EndGlobalSection
	GlobalSection(ProjectConfigurationPlatforms) = postSolution
		{274BFB89-1F8E-45E9-93C2-703949E42EB6}.Debug|Any CPU.ActiveCfg = Debug|Any CPU
		{274BFB89-1F8E-45E9-93C2-703949E42EB6}.Debug|Any CPU.Build.0 = Debug|Any CPU
		{274BFB89-1F8E-45E9-93C2-703949E42EB6}.Release|Any CPU.ActiveCfg = Release|Any CPU
		{274BFB89-1F8E-45E9-93C2-703949E42EB6}.Release|Any CPU.Build.0 = Release|Any CPU
	EndGlobalSection
	GlobalSection(SolutionProperties) = preSolution
		HideSolutionNode = FALSE
	EndGlobalSection
	GlobalSection(ExtensibilityGlobals) = postSolution
		SolutionGuid = {9366AF29-E8D2-4C09-9A6D-DE14ABEFED46}
	EndGlobalSection
EndGlobal
